
Microsoft Visual Studio Solution File, Format Version 12.00
# Visual Studio Version 17
VisualStudioVersion = 17.7.34018.315
MinimumVisualStudioVersion = 10.0.40219.1
Project("{FAE04EC0-301F-11D3-BF4B-00C04F79EFBC}") = "SnakeTest", "SnakeTest.csproj", "{48832A15-3598-4123-B8FD-AD62D58244BD}"
EndProject
Global
	GlobalSection(SolutionConfigurationPlatforms) = preSolution
		Debug|Any CPU = Debug|Any CPU
		Release|Any CPU = Release|Any CPU
	EndGlobalSection
	GlobalSection(ProjectConfigurationPlatforms) = postSolution
		{48832A15-3598-4123-B8FD-AD62D58244BD}.Debug|Any CPU.ActiveCfg = Debug|Any CPU
		{48832A15-3598-4123-B8FD-AD62D58244BD}.Debug|Any CPU.Build.0 = Debug|Any CPU
		{48832A15-3598-4123-B8FD-AD62D58244BD}.Release|Any CPU.ActiveCfg = Release|Any CPU
		{48832A15-3598-4123-B8FD-AD62D58244BD}.Release|Any CPU.Build.0 = Release|Any CPU
	EndGlobalSection
	GlobalSection(SolutionProperties) = preSolution
		HideSolutionNode = FALSE
	EndGlobalSection
	GlobalSection(ExtensibilityGlobals) = postSolution
		SolutionGuid = {B6B63A56-D0DE-4C26-B7EA-5C8CB07387AC}
	EndGlobalSection
EndGlobal
